// !$*UTF8*$!
{
	archiveVersion = 1;
	classes = {
	};
	objectVersion = 50;
	objects = {

/* Begin PBXBuildFile section */
		9CF7CFB52419EAA20021AEC4 /* AppDelegate.swift in Sources */ = {isa = PBXBuildFile; fileRef = 9CF7CFB42419EAA20021AEC4 /* AppDelegate.swift */; };
		9CF7CFB72419EAA20021AEC4 /* SceneDelegate.swift in Sources */ = {isa = PBXBuildFile; fileRef = 9CF7CFB62419EAA20021AEC4 /* SceneDelegate.swift */; };
		9CF7CFB92419EAA20021AEC4 /* ViewController.swift in Sources */ = {isa = PBXBuildFile; fileRef = 9CF7CFB82419EAA20021AEC4 /* ViewController.swift */; };
		9CF7CFBC2419EAA20021AEC4 /* Main.storyboard in Resources */ = {isa = PBXBuildFile; fileRef = 9CF7CFBA2419EAA20021AEC4 /* Main.storyboard */; };
		9CF7CFBF2419EAA20021AEC4 /* bluethootProject.xcdatamodeld in Sources */ = {isa = PBXBuildFile; fileRef = 9CF7CFBD2419EAA20021AEC4 /* bluethootProject.xcdatamodeld */; };
		9CF7CFC12419EAA50021AEC4 /* Assets.xcassets in Resources */ = {isa = PBXBuildFile; fileRef = 9CF7CFC02419EAA50021AEC4 /* Assets.xcassets */; };
		9CF7CFC42419EAA50021AEC4 /* LaunchScreen.storyboard in Resources */ = {isa = PBXBuildFile; fileRef = 9CF7CFC22419EAA50021AEC4 /* LaunchScreen.storyboard */; };
		9CF7CFCF2419EAA60021AEC4 /* bluethootProjectTests.swift in Sources */ = {isa = PBXBuildFile; fileRef = 9CF7CFCE2419EAA60021AEC4 /* bluethootProjectTests.swift */; };
		9CF7CFDA2419EAA60021AEC4 /* bluethootProjectUITests.swift in Sources */ = {isa = PBXBuildFile; fileRef = 9CF7CFD92419EAA60021AEC4 /* bluethootProjectUITests.swift */; };
/* End PBXBuildFile section */

/* Begin PBXContainerItemProxy section */
		9CF7CFCB2419EAA60021AEC4 /* PBXContainerItemProxy */ = {
			isa = PBXContainerItemProxy;
			containerPortal = 9CF7CFA92419EAA20021AEC4 /* Project object */;
			proxyType = 1;
			remoteGlobalIDString = 9CF7CFB02419EAA20021AEC4;
			remoteInfo = bluethootProject;
		};
		9CF7CFD62419EAA60021AEC4 /* PBXContainerItemProxy */ = {
			isa = PBXContainerItemProxy;
			containerPortal = 9CF7CFA92419EAA20021AEC4 /* Project object */;
			proxyType = 1;
			remoteGlobalIDString = 9CF7CFB02419EAA20021AEC4;
			remoteInfo = bluethootProject;
		};
/* End PBXContainerItemProxy section */

/* Begin PBXFileReference section */
		9CF7CFB12419EAA20021AEC4 /* bluethootProject.app */ = {isa = PBXFileReference; explicitFileType = wrapper.application; includeInIndex = 0; path = bluethootProject.app; sourceTree = BUILT_PRODUCTS_DIR; };
		9CF7CFB42419EAA20021AEC4 /* AppDelegate.swift */ = {isa = PBXFileReference; lastKnownFileType = sourcecode.swift; path = AppDelegate.swift; sourceTree = "<group>"; };
		9CF7CFB62419EAA20021AEC4 /* SceneDelegate.swift */ = {isa = PBXFileReference; lastKnownFileType = sourcecode.swift; path = SceneDelegate.swift; sourceTree = "<group>"; };
		9CF7CFB82419EAA20021AEC4 /* ViewController.swift */ = {isa = PBXFileReference; lastKnownFileType = sourcecode.swift; path = ViewController.swift; sourceTree = "<group>"; };
		9CF7CFBB2419EAA20021AEC4 /* Base */ = {isa = PBXFileReference; lastKnownFileType = file.storyboard; name = Base; path = Base.lproj/Main.storyboard; sourceTree = "<group>"; };
		9CF7CFBE2419EAA20021AEC4 /* bluethootProject.xcdatamodel */ = {isa = PBXFileReference; lastKnownFileType = wrapper.xcdatamodel; path = bluethootProject.xcdatamodel; sourceTree = "<group>"; };
		9CF7CFC02419EAA50021AEC4 /* Assets.xcassets */ = {isa = PBXFileReference; lastKnownFileType = folder.assetcatalog; path = Assets.xcassets; sourceTree = "<group>"; };
		9CF7CFC32419EAA50021AEC4 /* Base */ = {isa = PBXFileReference; lastKnownFileType = file.storyboard; name = Base; path = Base.lproj/LaunchScreen.storyboard; sourceTree = "<group>"; };
		9CF7CFC52419EAA60021AEC4 /* Info.plist */ = {isa = PBXFileReference; lastKnownFileType = text.plist.xml; path = Info.plist; sourceTree = "<group>"; };
		9CF7CFCA2419EAA60021AEC4 /* bluethootProjectTests.xctest */ = {isa = PBXFileReference; explicitFileType = wrapper.cfbundle; includeInIndex = 0; path = bluethootProjectTests.xctest; sourceTree = BUILT_PRODUCTS_DIR; };
		9CF7CFCE2419EAA60021AEC4 /* bluethootProjectTests.swift */ = {isa = PBXFileReference; lastKnownFileType = sourcecode.swift; path = bluethootProjectTests.swift; sourceTree = "<group>"; };
		9CF7CFD02419EAA60021AEC4 /* Info.plist */ = {isa = PBXFileReference; lastKnownFileType = text.plist.xml; path = Info.plist; sourceTree = "<group>"; };
		9CF7CFD52419EAA60021AEC4 /* bluethootProjectUITests.xctest */ = {isa = PBXFileReference; explicitFileType = wrapper.cfbundle; includeInIndex = 0; path = bluethootProjectUITests.xctest; sourceTree = BUILT_PRODUCTS_DIR; };
		9CF7CFD92419EAA60021AEC4 /* bluethootProjectUITests.swift */ = {isa = PBXFileReference; lastKnownFileType = sourcecode.swift; path = bluethootProjectUITests.swift; sourceTree = "<group>"; };
		9CF7CFDB2419EAA60021AEC4 /* Info.plist */ = {isa = PBXFileReference; lastKnownFileType = text.plist.xml; path = Info.plist; sourceTree = "<group>"; };
/* End PBXFileReference section */

/* Begin PBXFrameworksBuildPhase section */
		9CF7CFAE2419EAA20021AEC4 /* Frameworks */ = {
			isa = PBXFrameworksBuildPhase;
			buildActionMask = 2147483647;
			files = (
			);
			runOnlyForDeploymentPostprocessing = 0;
		};
		9CF7CFC72419EAA60021AEC4 /* Frameworks */ = {
			isa = PBXFrameworksBuildPhase;
			buildActionMask = 2147483647;
			files = (
			);
			runOnlyForDeploymentPostprocessing = 0;
		};
		9CF7CFD22419EAA60021AEC4 /* Frameworks */ = {
			isa = PBXFrameworksBuildPhase;
			buildActionMask = 2147483647;
			files = (
			);
			runOnlyForDeploymentPostprocessing = 0;
		};
/* End PBXFrameworksBuildPhase section */

/* Begin PBXGroup section */
		9CF7CFA82419EAA20021AEC4 = {
			isa = PBXGroup;
			children = (
				9CF7CFB32419EAA20021AEC4 /* bluethootProject */,
				9CF7CFCD2419EAA60021AEC4 /* bluethootProjectTests */,
				9CF7CFD82419EAA60021AEC4 /* bluethootProjectUITests */,
				9CF7CFB22419EAA20021AEC4 /* Products */,
			);
			sourceTree = "<group>";
		};
		9CF7CFB22419EAA20021AEC4 /* Products */ = {
			isa = PBXGroup;
			children = (
				9CF7CFB12419EAA20021AEC4 /* bluethootProject.app */,
				9CF7CFCA2419EAA60021AEC4 /* bluethootProjectTests.xctest */,
				9CF7CFD52419EAA60021AEC4 /* bluethootProjectUITests.xctest */,
			);
			name = Products;
			sourceTree = "<group>";
		};
		9CF7CFB32419EAA20021AEC4 /* bluethootProject */ = {
			isa = PBXGroup;
			children = (
				9CF7CFB42419EAA20021AEC4 /* AppDelegate.swift */,
				9CF7CFB62419EAA20021AEC4 /* SceneDelegate.swift */,
				9CF7CFB82419EAA20021AEC4 /* ViewController.swift */,
				9CF7CFBA2419EAA20021AEC4 /* Main.storyboard */,
				9CF7CFC02419EAA50021AEC4 /* Assets.xcassets */,
				9CF7CFC22419EAA50021AEC4 /* LaunchScreen.storyboard */,
				9CF7CFC52419EAA60021AEC4 /* Info.plist */,
				9CF7CFBD2419EAA20021AEC4 /* bluethootProject.xcdatamodeld */,
			);
			path = bluethootProject;
			sourceTree = "<group>";
		};
		9CF7CFCD2419EAA60021AEC4 /* bluethootProjectTests */ = {
			isa = PBXGroup;
			children = (
				9CF7CFCE2419EAA60021AEC4 /* bluethootProjectTests.swift */,
				9CF7CFD02419EAA60021AEC4 /* Info.plist */,
			);
			path = bluethootProjectTests;
			sourceTree = "<group>";
		};
		9CF7CFD82419EAA60021AEC4 /* bluethootProjectUITests */ = {
			isa = PBXGroup;
			children = (
				9CF7CFD92419EAA60021AEC4 /* bluethootProjectUITests.swift */,
				9CF7CFDB2419EAA60021AEC4 /* Info.plist */,
			);
			path = bluethootProjectUITests;
			sourceTree = "<group>";
		};
/* End PBXGroup section */

/* Begin PBXNativeTarget section */
		9CF7CFB02419EAA20021AEC4 /* bluethootProject */ = {
			isa = PBXNativeTarget;
			buildConfigurationList = 9CF7CFDE2419EAA60021AEC4 /* Build configuration list for PBXNativeTarget "bluethootProject" */;
			buildPhases = (
				9CF7CFAD2419EAA20021AEC4 /* Sources */,
				9CF7CFAE2419EAA20021AEC4 /* Frameworks */,
				9CF7CFAF2419EAA20021AEC4 /* Resources */,
			);
			buildRules = (
			);
			dependencies = (
			);
			name = bluethootProject;
			productName = bluethootProject;
			productReference = 9CF7CFB12419EAA20021AEC4 /* bluethootProject.app */;
			productType = "com.apple.product-type.application";
		};
		9CF7CFC92419EAA60021AEC4 /* bluethootProjectTests */ = {
			isa = PBXNativeTarget;
			buildConfigurationList = 9CF7CFE12419EAA60021AEC4 /* Build configuration list for PBXNativeTarget "bluethootProjectTests" */;
			buildPhases = (
				9CF7CFC62419EAA60021AEC4 /* Sources */,
				9CF7CFC72419EAA60021AEC4 /* Frameworks */,
				9CF7CFC82419EAA60021AEC4 /* Resources */,
			);
			buildRules = (
			);
			dependencies = (
				9CF7CFCC2419EAA60021AEC4 /* PBXTargetDependency */,
			);
			name = bluethootProjectTests;
			productName = bluethootProjectTests;
			productReference = 9CF7CFCA2419EAA60021AEC4 /* bluethootProjectTests.xctest */;
			productType = "com.apple.product-type.bundle.unit-test";
		};
		9CF7CFD42419EAA60021AEC4 /* bluethootProjectUITests */ = {
			isa = PBXNativeTarget;
			buildConfigurationList = 9CF7CFE42419EAA60021AEC4 /* Build configuration list for PBXNativeTarget "bluethootProjectUITests" */;
			buildPhases = (
				9CF7CFD12419EAA60021AEC4 /* Sources */,
				9CF7CFD22419EAA60021AEC4 /* Frameworks */,
				9CF7CFD32419EAA60021AEC4 /* Resources */,
			);
			buildRules = (
			);
			dependencies = (
				9CF7CFD72419EAA60021AEC4 /* PBXTargetDependency */,
			);
			name = bluethootProjectUITests;
			productName = bluethootProjectUITests;
			productReference = 9CF7CFD52419EAA60021AEC4 /* bluethootProjectUITests.xctest */;
			productType = "com.apple.product-type.bundle.ui-testing";
		};
/* End PBXNativeTarget section */

/* Begin PBXProject section */
		9CF7CFA92419EAA20021AEC4 /* Project object */ = {
			isa = PBXProject;
			attributes = {
				LastSwiftUpdateCheck = 1130;
				LastUpgradeCheck = 1130;
				ORGANIZATIONNAME = Jael;
				TargetAttributes = {
					9CF7CFB02419EAA20021AEC4 = {
						CreatedOnToolsVersion = 11.3.1;
					};
					9CF7CFC92419EAA60021AEC4 = {
						CreatedOnToolsVersion = 11.3.1;
						TestTargetID = 9CF7CFB02419EAA20021AEC4;
					};
					9CF7CFD42419EAA60021AEC4 = {
						CreatedOnToolsVersion = 11.3.1;
						TestTargetID = 9CF7CFB02419EAA20021AEC4;
					};
				};
			};
			buildConfigurationList = 9CF7CFAC2419EAA20021AEC4 /* Build configuration list for PBXProject "bluethootProject" */;
			compatibilityVersion = "Xcode 9.3";
			developmentRegion = en;
			hasScannedForEncodings = 0;
			knownRegions = (
				en,
				Base,
			);
			mainGroup = 9CF7CFA82419EAA20021AEC4;
			productRefGroup = 9CF7CFB22419EAA20021AEC4 /* Products */;
			projectDirPath = "";
			projectRoot = "";
			targets = (
				9CF7CFB02419EAA20021AEC4 /* bluethootProject */,
				9CF7CFC92419EAA60021AEC4 /* bluethootProjectTests */,
				9CF7CFD42419EAA60021AEC4 /* bluethootProjectUITests */,
			);
		};
/* End PBXProject section */

/* Begin PBXResourcesBuildPhase section */
		9CF7CFAF2419EAA20021AEC4 /* Resources */ = {
			isa = PBXResourcesBuildPhase;
			buildActionMask = 2147483647;
			files = (
				9CF7CFC42419EAA50021AEC4 /* LaunchScreen.storyboard in Resources */,
				9CF7CFC12419EAA50021AEC4 /* Assets.xcassets in Resources */,
				9CF7CFBC2419EAA20021AEC4 /* Main.storyboard in Resources */,
			);
			runOnlyForDeploymentPostprocessing = 0;
		};
		9CF7CFC82419EAA60021AEC4 /* Resources */ = {
			isa = PBXResourcesBuildPhase;
			buildActionMask = 2147483647;
			files = (
			);
			runOnlyForDeploymentPostprocessing = 0;
		};
		9CF7CFD32419EAA60021AEC4 /* Resources */ = {
			isa = PBXResourcesBuildPhase;
			buildActionMask = 2147483647;
			files = (
			);
			runOnlyForDeploymentPostprocessing = 0;
		};
/* End PBXResourcesBuildPhase section */

/* Begin PBXSourcesBuildPhase section */
		9CF7CFAD2419EAA20021AEC4 /* Sources */ = {
			isa = PBXSourcesBuildPhase;
			buildActionMask = 2147483647;
			files = (
				9CF7CFB92419EAA20021AEC4 /* ViewController.swift in Sources */,
				9CF7CFB52419EAA20021AEC4 /* AppDelegate.swift in Sources */,
				9CF7CFBF2419EAA20021AEC4 /* bluethootProject.xcdatamodeld in Sources */,
				9CF7CFB72419EAA20021AEC4 /* SceneDelegate.swift in Sources */,
			);
			runOnlyForDeploymentPostprocessing = 0;
		};
		9CF7CFC62419EAA60021AEC4 /* Sources */ = {
			isa = PBXSourcesBuildPhase;
			buildActionMask = 2147483647;
			files = (
				9CF7CFCF2419EAA60021AEC4 /* bluethootProjectTests.swift in Sources */,
			);
			runOnlyForDeploymentPostprocessing = 0;
		};
		9CF7CFD12419EAA60021AEC4 /* Sources */ = {
			isa = PBXSourcesBuildPhase;
			buildActionMask = 2147483647;
			files = (
				9CF7CFDA2419EAA60021AEC4 /* bluethootProjectUITests.swift in Sources */,
			);
			runOnlyForDeploymentPostprocessing = 0;
		};
/* End PBXSourcesBuildPhase section */

/* Begin PBXTargetDependency section */
		9CF7CFCC2419EAA60021AEC4 /* PBXTargetDependency */ = {
			isa = PBXTargetDependency;
			target = 9CF7CFB02419EAA20021AEC4 /* bluethootProject */;
			targetProxy = 9CF7CFCB2419EAA60021AEC4 /* PBXContainerItemProxy */;
		};
		9CF7CFD72419EAA60021AEC4 /* PBXTargetDependency */ = {
			isa = PBXTargetDependency;
			target = 9CF7CFB02419EAA20021AEC4 /* bluethootProject */;
			targetProxy = 9CF7CFD62419EAA60021AEC4 /* PBXContainerItemProxy */;
		};
/* End PBXTargetDependency section */

/* Begin PBXVariantGroup section */
		9CF7CFBA2419EAA20021AEC4 /* Main.storyboard */ = {
			isa = PBXVariantGroup;
			children = (
				9CF7CFBB2419EAA20021AEC4 /* Base */,
			);
			name = Main.storyboard;
			sourceTree = "<group>";
		};
		9CF7CFC22419EAA50021AEC4 /* LaunchScreen.storyboard */ = {
			isa = PBXVariantGroup;
			children = (
				9CF7CFC32419EAA50021AEC4 /* Base */,
			);
			name = LaunchScreen.storyboard;
			sourceTree = "<group>";
		};
/* End PBXVariantGroup section */

/* Begin XCBuildConfiguration section */
		9CF7CFDC2419EAA60021AEC4 /* Debug */ = {
			isa = XCBuildConfiguration;
			buildSettings = {
				ALWAYS_SEARCH_USER_PATHS = NO;
				CLANG_ANALYZER_NONNULL = YES;
				CLANG_ANALYZER_NUMBER_OBJECT_CONVERSION = YES_AGGRESSIVE;
				CLANG_CXX_LANGUAGE_STANDARD = "gnu++14";
				CLANG_CXX_LIBRARY = "libc++";
				CLANG_ENABLE_MODULES = YES;
				CLANG_ENABLE_OBJC_ARC = YES;
				CLANG_ENABLE_OBJC_WEAK = YES;
				CLANG_WARN_BLOCK_CAPTURE_AUTORELEASING = YES;
				CLANG_WARN_BOOL_CONVERSION = YES;
				CLANG_WARN_COMMA = YES;
				CLANG_WARN_CONSTANT_CONVERSION = YES;
				CLANG_WARN_DEPRECATED_OBJC_IMPLEMENTATIONS = YES;
				CLANG_WARN_DIRECT_OBJC_ISA_USAGE = YES_ERROR;
				CLANG_WARN_DOCUMENTATION_COMMENTS = YES;
				CLANG_WARN_EMPTY_BODY = YES;
				CLANG_WARN_ENUM_CONVERSION = YES;
				CLANG_WARN_INFINITE_RECURSION = YES;
				CLANG_WARN_INT_CONVERSION = YES;
				CLANG_WARN_NON_LITERAL_NULL_CONVERSION = YES;
				CLANG_WARN_OBJC_IMPLICIT_RETAIN_SELF = YES;
				CLANG_WARN_OBJC_LITERAL_CONVERSION = YES;
				CLANG_WARN_OBJC_ROOT_CLASS = YES_ERROR;
				CLANG_WARN_RANGE_LOOP_ANALYSIS = YES;
				CLANG_WARN_STRICT_PROTOTYPES = YES;
				CLANG_WARN_SUSPICIOUS_MOVE = YES;
				CLANG_WARN_UNGUARDED_AVAILABILITY = YES_AGGRESSIVE;
				CLANG_WARN_UNREACHABLE_CODE = YES;
				CLANG_WARN__DUPLICATE_METHOD_MATCH = YES;
				COPY_PHASE_STRIP = NO;
				DEBUG_INFORMATION_FORMAT = dwarf;
				ENABLE_STRICT_OBJC_MSGSEND = YES;
				ENABLE_TESTABILITY = YES;
				GCC_C_LANGUAGE_STANDARD = gnu11;
				GCC_DYNAMIC_NO_PIC = NO;
				GCC_NO_COMMON_BLOCKS = YES;
				GCC_OPTIMIZATION_LEVEL = 0;
				GCC_PREPROCESSOR_DEFINITIONS = (
					"DEBUG=1",
					"$(inherited)",
				);
				GCC_WARN_64_TO_32_BIT_CONVERSION = YES;
				GCC_WARN_ABOUT_RETURN_TYPE = YES_ERROR;
				GCC_WARN_UNDECLARED_SELECTOR = YES;
				GCC_WARN_UNINITIALIZED_AUTOS = YES_AGGRESSIVE;
				GCC_WARN_UNUSED_FUNCTION = YES;
				GCC_WARN_UNUSED_VARIABLE = YES;
				IPHONEOS_DEPLOYMENT_TARGET = 13.2;
				MTL_ENABLE_DEBUG_INFO = INCLUDE_SOURCE;
				MTL_FAST_MATH = YES;
				ONLY_ACTIVE_ARCH = YES;
				SDKROOT = iphoneos;
				SWIFT_ACTIVE_COMPILATION_CONDITIONS = DEBUG;
				SWIFT_OPTIMIZATION_LEVEL = "-Onone";
			};
			name = Debug;
		};
		9CF7CFDD2419EAA60021AEC4 /* Release */ = {
			isa = XCBuildConfiguration;
			buildSettings = {
				ALWAYS_SEARCH_USER_PATHS = NO;
				CLANG_ANALYZER_NONNULL = YES;
				CLANG_ANALYZER_NUMBER_OBJECT_CONVERSION = YES_AGGRESSIVE;
				CLANG_CXX_LANGUAGE_STANDARD = "gnu++14";
				CLANG_CXX_LIBRARY = "libc++";
				CLANG_ENABLE_MODULES = YES;
				CLANG_ENABLE_OBJC_ARC = YES;
				CLANG_ENABLE_OBJC_WEAK = YES;
				CLANG_WARN_BLOCK_CAPTURE_AUTORELEASING = YES;
				CLANG_WARN_BOOL_CONVERSION = YES;
				CLANG_WARN_COMMA = YES;
				CLANG_WARN_CONSTANT_CONVERSION = YES;
				CLANG_WARN_DEPRECATED_OBJC_IMPLEMENTATIONS = YES;
				CLANG_WARN_DIRECT_OBJC_ISA_USAGE = YES_ERROR;
				CLANG_WARN_DOCUMENTATION_COMMENTS = YES;
				CLANG_WARN_EMPTY_BODY = YES;
				CLANG_WARN_ENUM_CONVERSION = YES;
				CLANG_WARN_INFINITE_RECURSION = YES;
				CLANG_WARN_INT_CONVERSION = YES;
				CLANG_WARN_NON_LITERAL_NULL_CONVERSION = YES;
				CLANG_WARN_OBJC_IMPLICIT_RETAIN_SELF = YES;
				CLANG_WARN_OBJC_LITERAL_CONVERSION = YES;
				CLANG_WARN_OBJC_ROOT_CLASS = YES_ERROR;
				CLANG_WARN_RANGE_LOOP_ANALYSIS = YES;
				CLANG_WARN_STRICT_PROTOTYPES = YES;
				CLANG_WARN_SUSPICIOUS_MOVE = YES;
				CLANG_WARN_UNGUARDED_AVAILABILITY = YES_AGGRESSIVE;
				CLANG_WARN_UNREACHABLE_CODE = YES;
				CLANG_WARN__DUPLICATE_METHOD_MATCH = YES;
				COPY_PHASE_STRIP = NO;
				DEBUG_INFORMATION_FORMAT = "dwarf-with-dsym";
				ENABLE_NS_ASSERTIONS = NO;
				ENABLE_STRICT_OBJC_MSGSEND = YES;
				GCC_C_LANGUAGE_STANDARD = gnu11;
				GCC_NO_COMMON_BLOCKS = YES;
				GCC_WARN_64_TO_32_BIT_CONVERSION = YES;
				GCC_WARN_ABOUT_RETURN_TYPE = YES_ERROR;
				GCC_WARN_UNDECLARED_SELECTOR = YES;
				GCC_WARN_UNINITIALIZED_AUTOS = YES_AGGRESSIVE;
				GCC_WARN_UNUSED_FUNCTION = YES;
				GCC_WARN_UNUSED_VARIABLE = YES;
				IPHONEOS_DEPLOYMENT_TARGET = 13.2;
				MTL_ENABLE_DEBUG_INFO = NO;
				MTL_FAST_MATH = YES;
				SDKROOT = iphoneos;
				SWIFT_COMPILATION_MODE = wholemodule;
				SWIFT_OPTIMIZATION_LEVEL = "-O";
				VALIDATE_PRODUCT = YES;
			};
			name = Release;
		};
		9CF7CFDF2419EAA60021AEC4 /* Debug */ = {
			isa = XCBuildConfiguration;
			buildSettings = {
				ASSETCATALOG_COMPILER_APPICON_NAME = AppIcon;
				CODE_SIGN_STYLE = Automatic;
				DEVELOPMENT_TEAM = J58ZDFPQ77;
				INFOPLIST_FILE = bluethootProject/Info.plist;
				IPHONEOS_DEPLOYMENT_TARGET = 13.2;
				LD_RUNPATH_SEARCH_PATHS = (
					"$(inherited)",
					"@executable_path/Frameworks",
				);
				PRODUCT_BUNDLE_IDENTIFIER = filek.bluethootProject;
				PRODUCT_NAME = "$(TARGET_NAME)";
				SWIFT_VERSION = 5.0;
				TARGETED_DEVICE_FAMILY = "1,2";
			};
			name = Debug;
		};
		9CF7CFE02419EAA60021AEC4 /* Release */ = {
			isa = XCBuildConfiguration;
			buildSettings = {
				ASSETCATALOG_COMPILER_APPICON_NAME = AppIcon;
				CODE_SIGN_STYLE = Automatic;
				DEVELOPMENT_TEAM = J58ZDFPQ77;
				INFOPLIST_FILE = bluethootProject/Info.plist;
				IPHONEOS_DEPLOYMENT_TARGET = 13.2;
				LD_RUNPATH_SEARCH_PATHS = (
					"$(inherited)",
					"@executable_path/Frameworks",
				);
				PRODUCT_BUNDLE_IDENTIFIER = filek.bluethootProject;
				PRODUCT_NAME = "$(TARGET_NAME)";
				SWIFT_VERSION = 5.0;
				TARGETED_DEVICE_FAMILY = "1,2";
			};
			name = Release;
		};
		9CF7CFE22419EAA60021AEC4 /* Debug */ = {
			isa = XCBuildConfiguration;
			buildSettings = {
				ALWAYS_EMBED_SWIFT_STANDARD_LIBRARIES = YES;
				BUNDLE_LOADER = "$(TEST_HOST)";
				CODE_SIGN_STYLE = Automatic;
				DEVELOPMENT_TEAM = J58ZDFPQ77;
				INFOPLIST_FILE = bluethootProjectTests/Info.plist;
				IPHONEOS_DEPLOYMENT_TARGET = 13.2;
				LD_RUNPATH_SEARCH_PATHS = (
					"$(inherited)",
					"@executable_path/Frameworks",
					"@loader_path/Frameworks",
				);
				PRODUCT_BUNDLE_IDENTIFIER = filek.bluethootProjectTests;
				PRODUCT_NAME = "$(TARGET_NAME)";
				SWIFT_VERSION = 5.0;
				TARGETED_DEVICE_FAMILY = "1,2";
				TEST_HOST = "$(BUILT_PRODUCTS_DIR)/bluethootProject.app/bluethootProject";
			};
			name = Debug;
		};
		9CF7CFE32419EAA60021AEC4 /* Release */ = {
			isa = XCBuildConfiguration;
			buildSettings = {
				ALWAYS_EMBED_SWIFT_STANDARD_LIBRARIES = YES;
				BUNDLE_LOADER = "$(TEST_HOST)";
				CODE_SIGN_STYLE = Automatic;
				DEVELOPMENT_TEAM = J58ZDFPQ77;
				INFOPLIST_FILE = bluethootProjectTests/Info.plist;
				IPHONEOS_DEPLOYMENT_TARGET = 13.2;
				LD_RUNPATH_SEARCH_PATHS = (
					"$(inherited)",
					"@executable_path/Frameworks",
					"@loader_path/Frameworks",
				);
				PRODUCT_BUNDLE_IDENTIFIER = filek.bluethootProjectTests;
				PRODUCT_NAME = "$(TARGET_NAME)";
				SWIFT_VERSION = 5.0;
				TARGETED_DEVICE_FAMILY = "1,2";
				TEST_HOST = "$(BUILT_PRODUCTS_DIR)/bluethootProject.app/bluethootProject";
			};
			name = Release;
		};
		9CF7CFE52419EAA60021AEC4 /* Debug */ = {
			isa = XCBuildConfiguration;
			buildSettings = {
				ALWAYS_EMBED_SWIFT_STANDARD_LIBRARIES = YES;
				CODE_SIGN_STYLE = Automatic;
				DEVELOPMENT_TEAM = J58ZDFPQ77;
				INFOPLIST_FILE = bluethootProjectUITests/Info.plist;
				LD_RUNPATH_SEARCH_PATHS = (
					"$(inherited)",
					"@executable_path/Frameworks",
					"@loader_path/Frameworks",
				);
				PRODUCT_BUNDLE_IDENTIFIER = filek.bluethootProjectUITests;
				PRODUCT_NAME = "$(TARGET_NAME)";
				SWIFT_VERSION = 5.0;
				TARGETED_DEVICE_FAMILY = "1,2";
				TEST_TARGET_NAME = bluethootProject;
			};
			name = Debug;
		};
		9CF7CFE62419EAA60021AEC4 /* Release */ = {
			isa = XCBuildConfiguration;
			buildSettings = {
				ALWAYS_EMBED_SWIFT_STANDARD_LIBRARIES = YES;
				CODE_SIGN_STYLE = Automatic;
				DEVELOPMENT_TEAM = J58ZDFPQ77;
				INFOPLIST_FILE = bluethootProjectUITests/Info.plist;
				LD_RUNPATH_SEARCH_PATHS = (
					"$(inherited)",
					"@executable_path/Frameworks",
					"@loader_path/Frameworks",
				);
				PRODUCT_BUNDLE_IDENTIFIER = filek.bluethootProjectUITests;
				PRODUCT_NAME = "$(TARGET_NAME)";
				SWIFT_VERSION = 5.0;
				TARGETED_DEVICE_FAMILY = "1,2";
				TEST_TARGET_NAME = bluethootProject;
			};
			name = Release;
		};
/* End XCBuildConfiguration section */

/* Begin XCConfigurationList section */
		9CF7CFAC2419EAA20021AEC4 /* Build configuration list for PBXProject "bluethootProject" */ = {
			isa = XCConfigurationList;
			buildConfigurations = (
				9CF7CFDC2419EAA60021AEC4 /* Debug */,
				9CF7CFDD2419EAA60021AEC4 /* Release */,
			);
			defaultConfigurationIsVisible = 0;
			defaultConfigurationName = Release;
		};
		9CF7CFDE2419EAA60021AEC4 /* Build configuration list for PBXNativeTarget "bluethootProject" */ = {
			isa = XCConfigurationList;
			buildConfigurations = (
				9CF7CFDF2419EAA60021AEC4 /* Debug */,
				9CF7CFE02419EAA60021AEC4 /* Release */,
			);
			defaultConfigurationIsVisible = 0;
			defaultConfigurationName = Release;
		};
		9CF7CFE12419EAA60021AEC4 /* Build configuration list for PBXNativeTarget "bluethootProjectTests" */ = {
			isa = XCConfigurationList;
			buildConfigurations = (
				9CF7CFE22419EAA60021AEC4 /* Debug */,
				9CF7CFE32419EAA60021AEC4 /* Release */,
			);
			defaultConfigurationIsVisible = 0;
			defaultConfigurationName = Release;
		};
		9CF7CFE42419EAA60021AEC4 /* Build configuration list for PBXNativeTarget "bluethootProjectUITests" */ = {
			isa = XCConfigurationList;
			buildConfigurations = (
				9CF7CFE52419EAA60021AEC4 /* Debug */,
				9CF7CFE62419EAA60021AEC4 /* Release */,
			);
			defaultConfigurationIsVisible = 0;
			defaultConfigurationName = Release;
		};
/* End XCConfigurationList section */

/* Begin XCVersionGroup section */
		9CF7CFBD2419EAA20021AEC4 /* bluethootProject.xcdatamodeld */ = {
			isa = XCVersionGroup;
			children = (
				9CF7CFBE2419EAA20021AEC4 /* bluethootProject.xcdatamodel */,
			);
			currentVersion = 9CF7CFBE2419EAA20021AEC4 /* bluethootProject.xcdatamodel */;
			path = bluethootProject.xcdatamodeld;
			sourceTree = "<group>";
			versionGroupType = wrapper.xcdatamodel;
		};
/* End XCVersionGroup section */
	};
	rootObject = 9CF7CFA92419EAA20021AEC4 /* Project object */;
}
