// !$*UTF8*$!
{
	archiveVersion = 1;
	classes = {
	};
	objectVersion = 50;
	objects = {

/* Begin PBXBuildFile section */
		225457DD2383189000A4B3E1 /* AppDelegate.swift in Sources */ = {isa = PBXBuildFile; fileRef = 225457DC2383189000A4B3E1 /* AppDelegate.swift */; };
		225457DF2383189000A4B3E1 /* SceneDelegate.swift in Sources */ = {isa = PBXBuildFile; fileRef = 225457DE2383189000A4B3E1 /* SceneDelegate.swift */; };
		225457E12383189000A4B3E1 /* ViewController.swift in Sources */ = {isa = PBXBuildFile; fileRef = 225457E02383189000A4B3E1 /* ViewController.swift */; };
		225457E42383189000A4B3E1 /* Main.storyboard in Resources */ = {isa = PBXBuildFile; fileRef = 225457E22383189000A4B3E1 /* Main.storyboard */; };
		225457E72383189000A4B3E1 /* BattleShip.xcdatamodeld in Sources */ = {isa = PBXBuildFile; fileRef = 225457E52383189000A4B3E1 /* BattleShip.xcdatamodeld */; };
		225457E92383189A00A4B3E1 /* Assets.xcassets in Resources */ = {isa = PBXBuildFile; fileRef = 225457E82383189A00A4B3E1 /* Assets.xcassets */; };
		225457EC2383189A00A4B3E1 /* LaunchScreen.storyboard in Resources */ = {isa = PBXBuildFile; fileRef = 225457EA2383189A00A4B3E1 /* LaunchScreen.storyboard */; };
		225457F72383189B00A4B3E1 /* BattleShipTests.swift in Sources */ = {isa = PBXBuildFile; fileRef = 225457F62383189B00A4B3E1 /* BattleShipTests.swift */; };
		225458022383189B00A4B3E1 /* BattleShipUITests.swift in Sources */ = {isa = PBXBuildFile; fileRef = 225458012383189B00A4B3E1 /* BattleShipUITests.swift */; };
/* End PBXBuildFile section */

/* Begin PBXContainerItemProxy section */
		225457F32383189B00A4B3E1 /* PBXContainerItemProxy */ = {
			isa = PBXContainerItemProxy;
			containerPortal = 225457D12383189000A4B3E1 /* Project object */;
			proxyType = 1;
			remoteGlobalIDString = 225457D82383189000A4B3E1;
			remoteInfo = BattleShip;
		};
		225457FE2383189B00A4B3E1 /* PBXContainerItemProxy */ = {
			isa = PBXContainerItemProxy;
			containerPortal = 225457D12383189000A4B3E1 /* Project object */;
			proxyType = 1;
			remoteGlobalIDString = 225457D82383189000A4B3E1;
			remoteInfo = BattleShip;
		};
/* End PBXContainerItemProxy section */

/* Begin PBXFileReference section */
		225457D92383189000A4B3E1 /* BattleShip.app */ = {isa = PBXFileReference; explicitFileType = wrapper.application; includeInIndex = 0; path = BattleShip.app; sourceTree = BUILT_PRODUCTS_DIR; };
		225457DC2383189000A4B3E1 /* AppDelegate.swift */ = {isa = PBXFileReference; lastKnownFileType = sourcecode.swift; path = AppDelegate.swift; sourceTree = "<group>"; };
		225457DE2383189000A4B3E1 /* SceneDelegate.swift */ = {isa = PBXFileReference; lastKnownFileType = sourcecode.swift; path = SceneDelegate.swift; sourceTree = "<group>"; };
		225457E02383189000A4B3E1 /* ViewController.swift */ = {isa = PBXFileReference; lastKnownFileType = sourcecode.swift; path = ViewController.swift; sourceTree = "<group>"; };
		225457E32383189000A4B3E1 /* Base */ = {isa = PBXFileReference; lastKnownFileType = file.storyboard; name = Base; path = Base.lproj/Main.storyboard; sourceTree = "<group>"; };
		225457E62383189000A4B3E1 /* BattleShip.xcdatamodel */ = {isa = PBXFileReference; lastKnownFileType = wrapper.xcdatamodel; path = BattleShip.xcdatamodel; sourceTree = "<group>"; };
		225457E82383189A00A4B3E1 /* Assets.xcassets */ = {isa = PBXFileReference; lastKnownFileType = folder.assetcatalog; path = Assets.xcassets; sourceTree = "<group>"; };
		225457EB2383189A00A4B3E1 /* Base */ = {isa = PBXFileReference; lastKnownFileType = file.storyboard; name = Base; path = Base.lproj/LaunchScreen.storyboard; sourceTree = "<group>"; };
		225457ED2383189A00A4B3E1 /* Info.plist */ = {isa = PBXFileReference; lastKnownFileType = text.plist.xml; path = Info.plist; sourceTree = "<group>"; };
		225457F22383189B00A4B3E1 /* BattleShipTests.xctest */ = {isa = PBXFileReference; explicitFileType = wrapper.cfbundle; includeInIndex = 0; path = BattleShipTests.xctest; sourceTree = BUILT_PRODUCTS_DIR; };
		225457F62383189B00A4B3E1 /* BattleShipTests.swift */ = {isa = PBXFileReference; lastKnownFileType = sourcecode.swift; path = BattleShipTests.swift; sourceTree = "<group>"; };
		225457F82383189B00A4B3E1 /* Info.plist */ = {isa = PBXFileReference; lastKnownFileType = text.plist.xml; path = Info.plist; sourceTree = "<group>"; };
		225457FD2383189B00A4B3E1 /* BattleShipUITests.xctest */ = {isa = PBXFileReference; explicitFileType = wrapper.cfbundle; includeInIndex = 0; path = BattleShipUITests.xctest; sourceTree = BUILT_PRODUCTS_DIR; };
		225458012383189B00A4B3E1 /* BattleShipUITests.swift */ = {isa = PBXFileReference; lastKnownFileType = sourcecode.swift; path = BattleShipUITests.swift; sourceTree = "<group>"; };
		225458032383189B00A4B3E1 /* Info.plist */ = {isa = PBXFileReference; lastKnownFileType = text.plist.xml; path = Info.plist; sourceTree = "<group>"; };
/* End PBXFileReference section */

/* Begin PBXFrameworksBuildPhase section */
		225457D62383189000A4B3E1 /* Frameworks */ = {
			isa = PBXFrameworksBuildPhase;
			buildActionMask = 2147483647;
			files = (
			);
			runOnlyForDeploymentPostprocessing = 0;
		};
		225457EF2383189B00A4B3E1 /* Frameworks */ = {
			isa = PBXFrameworksBuildPhase;
			buildActionMask = 2147483647;
			files = (
			);
			runOnlyForDeploymentPostprocessing = 0;
		};
		225457FA2383189B00A4B3E1 /* Frameworks */ = {
			isa = PBXFrameworksBuildPhase;
			buildActionMask = 2147483647;
			files = (
			);
			runOnlyForDeploymentPostprocessing = 0;
		};
/* End PBXFrameworksBuildPhase section */

/* Begin PBXGroup section */
		225457D02383189000A4B3E1 = {
			isa = PBXGroup;
			children = (
				225457DB2383189000A4B3E1 /* BattleShip */,
				225457F52383189B00A4B3E1 /* BattleShipTests */,
				225458002383189B00A4B3E1 /* BattleShipUITests */,
				225457DA2383189000A4B3E1 /* Products */,
			);
			sourceTree = "<group>";
		};
		225457DA2383189000A4B3E1 /* Products */ = {
			isa = PBXGroup;
			children = (
				225457D92383189000A4B3E1 /* BattleShip.app */,
				225457F22383189B00A4B3E1 /* BattleShipTests.xctest */,
				225457FD2383189B00A4B3E1 /* BattleShipUITests.xctest */,
			);
			name = Products;
			sourceTree = "<group>";
		};
		225457DB2383189000A4B3E1 /* BattleShip */ = {
			isa = PBXGroup;
			children = (
				225457DC2383189000A4B3E1 /* AppDelegate.swift */,
				225457DE2383189000A4B3E1 /* SceneDelegate.swift */,
				225457E02383189000A4B3E1 /* ViewController.swift */,
				225457E22383189000A4B3E1 /* Main.storyboard */,
				225457E82383189A00A4B3E1 /* Assets.xcassets */,
				225457EA2383189A00A4B3E1 /* LaunchScreen.storyboard */,
				225457ED2383189A00A4B3E1 /* Info.plist */,
				225457E52383189000A4B3E1 /* BattleShip.xcdatamodeld */,
			);
			path = BattleShip;
			sourceTree = "<group>";
		};
		225457F52383189B00A4B3E1 /* BattleShipTests */ = {
			isa = PBXGroup;
			children = (
				225457F62383189B00A4B3E1 /* BattleShipTests.swift */,
				225457F82383189B00A4B3E1 /* Info.plist */,
			);
			path = BattleShipTests;
			sourceTree = "<group>";
		};
		225458002383189B00A4B3E1 /* BattleShipUITests */ = {
			isa = PBXGroup;
			children = (
				225458012383189B00A4B3E1 /* BattleShipUITests.swift */,
				225458032383189B00A4B3E1 /* Info.plist */,
			);
			path = BattleShipUITests;
			sourceTree = "<group>";
		};
/* End PBXGroup section */

/* Begin PBXNativeTarget section */
		225457D82383189000A4B3E1 /* BattleShip */ = {
			isa = PBXNativeTarget;
			buildConfigurationList = 225458062383189B00A4B3E1 /* Build configuration list for PBXNativeTarget "BattleShip" */;
			buildPhases = (
				225457D52383189000A4B3E1 /* Sources */,
				225457D62383189000A4B3E1 /* Frameworks */,
				225457D72383189000A4B3E1 /* Resources */,
			);
			buildRules = (
			);
			dependencies = (
			);
			name = BattleShip;
			productName = BattleShip;
			productReference = 225457D92383189000A4B3E1 /* BattleShip.app */;
			productType = "com.apple.product-type.application";
		};
		225457F12383189B00A4B3E1 /* BattleShipTests */ = {
			isa = PBXNativeTarget;
			buildConfigurationList = 225458092383189B00A4B3E1 /* Build configuration list for PBXNativeTarget "BattleShipTests" */;
			buildPhases = (
				225457EE2383189B00A4B3E1 /* Sources */,
				225457EF2383189B00A4B3E1 /* Frameworks */,
				225457F02383189B00A4B3E1 /* Resources */,
			);
			buildRules = (
			);
			dependencies = (
				225457F42383189B00A4B3E1 /* PBXTargetDependency */,
			);
			name = BattleShipTests;
			productName = BattleShipTests;
			productReference = 225457F22383189B00A4B3E1 /* BattleShipTests.xctest */;
			productType = "com.apple.product-type.bundle.unit-test";
		};
		225457FC2383189B00A4B3E1 /* BattleShipUITests */ = {
			isa = PBXNativeTarget;
			buildConfigurationList = 2254580C2383189B00A4B3E1 /* Build configuration list for PBXNativeTarget "BattleShipUITests" */;
			buildPhases = (
				225457F92383189B00A4B3E1 /* Sources */,
				225457FA2383189B00A4B3E1 /* Frameworks */,
				225457FB2383189B00A4B3E1 /* Resources */,
			);
			buildRules = (
			);
			dependencies = (
				225457FF2383189B00A4B3E1 /* PBXTargetDependency */,
			);
			name = BattleShipUITests;
			productName = BattleShipUITests;
			productReference = 225457FD2383189B00A4B3E1 /* BattleShipUITests.xctest */;
			productType = "com.apple.product-type.bundle.ui-testing";
		};
/* End PBXNativeTarget section */

/* Begin PBXProject section */
		225457D12383189000A4B3E1 /* Project object */ = {
			isa = PBXProject;
			attributes = {
				LastSwiftUpdateCheck = 1110;
				LastUpgradeCheck = 1110;
				ORGANIZATIONNAME = MacOs;
				TargetAttributes = {
					225457D82383189000A4B3E1 = {
						CreatedOnToolsVersion = 11.1;
					};
					225457F12383189B00A4B3E1 = {
						CreatedOnToolsVersion = 11.1;
						TestTargetID = 225457D82383189000A4B3E1;
					};
					225457FC2383189B00A4B3E1 = {
						CreatedOnToolsVersion = 11.1;
						TestTargetID = 225457D82383189000A4B3E1;
					};
				};
			};
			buildConfigurationList = 225457D42383189000A4B3E1 /* Build configuration list for PBXProject "BattleShip" */;
			compatibilityVersion = "Xcode 9.3";
			developmentRegion = en;
			hasScannedForEncodings = 0;
			knownRegions = (
				en,
				Base,
			);
			mainGroup = 225457D02383189000A4B3E1;
			productRefGroup = 225457DA2383189000A4B3E1 /* Products */;
			projectDirPath = "";
			projectRoot = "";
			targets = (
				225457D82383189000A4B3E1 /* BattleShip */,
				225457F12383189B00A4B3E1 /* BattleShipTests */,
				225457FC2383189B00A4B3E1 /* BattleShipUITests */,
			);
		};
/* End PBXProject section */

/* Begin PBXResourcesBuildPhase section */
		225457D72383189000A4B3E1 /* Resources */ = {
			isa = PBXResourcesBuildPhase;
			buildActionMask = 2147483647;
			files = (
				225457EC2383189A00A4B3E1 /* LaunchScreen.storyboard in Resources */,
				225457E92383189A00A4B3E1 /* Assets.xcassets in Resources */,
				225457E42383189000A4B3E1 /* Main.storyboard in Resources */,
			);
			runOnlyForDeploymentPostprocessing = 0;
		};
		225457F02383189B00A4B3E1 /* Resources */ = {
			isa = PBXResourcesBuildPhase;
			buildActionMask = 2147483647;
			files = (
			);
			runOnlyForDeploymentPostprocessing = 0;
		};
		225457FB2383189B00A4B3E1 /* Resources */ = {
			isa = PBXResourcesBuildPhase;
			buildActionMask = 2147483647;
			files = (
			);
			runOnlyForDeploymentPostprocessing = 0;
		};
/* End PBXResourcesBuildPhase section */

/* Begin PBXSourcesBuildPhase section */
		225457D52383189000A4B3E1 /* Sources */ = {
			isa = PBXSourcesBuildPhase;
			buildActionMask = 2147483647;
			files = (
				225457E12383189000A4B3E1 /* ViewController.swift in Sources */,
				225457DD2383189000A4B3E1 /* AppDelegate.swift in Sources */,
				225457DF2383189000A4B3E1 /* SceneDelegate.swift in Sources */,
				225457E72383189000A4B3E1 /* BattleShip.xcdatamodeld in Sources */,
			);
			runOnlyForDeploymentPostprocessing = 0;
		};
		225457EE2383189B00A4B3E1 /* Sources */ = {
			isa = PBXSourcesBuildPhase;
			buildActionMask = 2147483647;
			files = (
				225457F72383189B00A4B3E1 /* BattleShipTests.swift in Sources */,
			);
			runOnlyForDeploymentPostprocessing = 0;
		};
		225457F92383189B00A4B3E1 /* Sources */ = {
			isa = PBXSourcesBuildPhase;
			buildActionMask = 2147483647;
			files = (
				225458022383189B00A4B3E1 /* BattleShipUITests.swift in Sources */,
			);
			runOnlyForDeploymentPostprocessing = 0;
		};
/* End PBXSourcesBuildPhase section */

/* Begin PBXTargetDependency section */
		225457F42383189B00A4B3E1 /* PBXTargetDependency */ = {
			isa = PBXTargetDependency;
			target = 225457D82383189000A4B3E1 /* BattleShip */;
			targetProxy = 225457F32383189B00A4B3E1 /* PBXContainerItemProxy */;
		};
		225457FF2383189B00A4B3E1 /* PBXTargetDependency */ = {
			isa = PBXTargetDependency;
			target = 225457D82383189000A4B3E1 /* BattleShip */;
			targetProxy = 225457FE2383189B00A4B3E1 /* PBXContainerItemProxy */;
		};
/* End PBXTargetDependency section */

/* Begin PBXVariantGroup section */
		225457E22383189000A4B3E1 /* Main.storyboard */ = {
			isa = PBXVariantGroup;
			children = (
				225457E32383189000A4B3E1 /* Base */,
			);
			name = Main.storyboard;
			sourceTree = "<group>";
		};
		225457EA2383189A00A4B3E1 /* LaunchScreen.storyboard */ = {
			isa = PBXVariantGroup;
			children = (
				225457EB2383189A00A4B3E1 /* Base */,
			);
			name = LaunchScreen.storyboard;
			sourceTree = "<group>";
		};
/* End PBXVariantGroup section */

/* Begin XCBuildConfiguration section */
		225458042383189B00A4B3E1 /* Debug */ = {
			isa = XCBuildConfiguration;
			buildSettings = {
				ALWAYS_SEARCH_USER_PATHS = NO;
				CLANG_ANALYZER_NONNULL = YES;
				CLANG_ANALYZER_NUMBER_OBJECT_CONVERSION = YES_AGGRESSIVE;
				CLANG_CXX_LANGUAGE_STANDARD = "gnu++14";
				CLANG_CXX_LIBRARY = "libc++";
				CLANG_ENABLE_MODULES = YES;
				CLANG_ENABLE_OBJC_ARC = YES;
				CLANG_ENABLE_OBJC_WEAK = YES;
				CLANG_WARN_BLOCK_CAPTURE_AUTORELEASING = YES;
				CLANG_WARN_BOOL_CONVERSION = YES;
				CLANG_WARN_COMMA = YES;
				CLANG_WARN_CONSTANT_CONVERSION = YES;
				CLANG_WARN_DEPRECATED_OBJC_IMPLEMENTATIONS = YES;
				CLANG_WARN_DIRECT_OBJC_ISA_USAGE = YES_ERROR;
				CLANG_WARN_DOCUMENTATION_COMMENTS = YES;
				CLANG_WARN_EMPTY_BODY = YES;
				CLANG_WARN_ENUM_CONVERSION = YES;
				CLANG_WARN_INFINITE_RECURSION = YES;
				CLANG_WARN_INT_CONVERSION = YES;
				CLANG_WARN_NON_LITERAL_NULL_CONVERSION = YES;
				CLANG_WARN_OBJC_IMPLICIT_RETAIN_SELF = YES;
				CLANG_WARN_OBJC_LITERAL_CONVERSION = YES;
				CLANG_WARN_OBJC_ROOT_CLASS = YES_ERROR;
				CLANG_WARN_RANGE_LOOP_ANALYSIS = YES;
				CLANG_WARN_STRICT_PROTOTYPES = YES;
				CLANG_WARN_SUSPICIOUS_MOVE = YES;
				CLANG_WARN_UNGUARDED_AVAILABILITY = YES_AGGRESSIVE;
				CLANG_WARN_UNREACHABLE_CODE = YES;
				CLANG_WARN__DUPLICATE_METHOD_MATCH = YES;
				COPY_PHASE_STRIP = NO;
				DEBUG_INFORMATION_FORMAT = dwarf;
				ENABLE_STRICT_OBJC_MSGSEND = YES;
				ENABLE_TESTABILITY = YES;
				GCC_C_LANGUAGE_STANDARD = gnu11;
				GCC_DYNAMIC_NO_PIC = NO;
				GCC_NO_COMMON_BLOCKS = YES;
				GCC_OPTIMIZATION_LEVEL = 0;
				GCC_PREPROCESSOR_DEFINITIONS = (
					"DEBUG=1",
					"$(inherited)",
				);
				GCC_WARN_64_TO_32_BIT_CONVERSION = YES;
				GCC_WARN_ABOUT_RETURN_TYPE = YES_ERROR;
				GCC_WARN_UNDECLARED_SELECTOR = YES;
				GCC_WARN_UNINITIALIZED_AUTOS = YES_AGGRESSIVE;
				GCC_WARN_UNUSED_FUNCTION = YES;
				GCC_WARN_UNUSED_VARIABLE = YES;
				IPHONEOS_DEPLOYMENT_TARGET = 13.1;
				MTL_ENABLE_DEBUG_INFO = INCLUDE_SOURCE;
				MTL_FAST_MATH = YES;
				ONLY_ACTIVE_ARCH = YES;
				SDKROOT = iphoneos;
				SWIFT_ACTIVE_COMPILATION_CONDITIONS = DEBUG;
				SWIFT_OPTIMIZATION_LEVEL = "-Onone";
			};
			name = Debug;
		};
		225458052383189B00A4B3E1 /* Release */ = {
			isa = XCBuildConfiguration;
			buildSettings = {
				ALWAYS_SEARCH_USER_PATHS = NO;
				CLANG_ANALYZER_NONNULL = YES;
				CLANG_ANALYZER_NUMBER_OBJECT_CONVERSION = YES_AGGRESSIVE;
				CLANG_CXX_LANGUAGE_STANDARD = "gnu++14";
				CLANG_CXX_LIBRARY = "libc++";
				CLANG_ENABLE_MODULES = YES;
				CLANG_ENABLE_OBJC_ARC = YES;
				CLANG_ENABLE_OBJC_WEAK = YES;
				CLANG_WARN_BLOCK_CAPTURE_AUTORELEASING = YES;
				CLANG_WARN_BOOL_CONVERSION = YES;
				CLANG_WARN_COMMA = YES;
				CLANG_WARN_CONSTANT_CONVERSION = YES;
				CLANG_WARN_DEPRECATED_OBJC_IMPLEMENTATIONS = YES;
				CLANG_WARN_DIRECT_OBJC_ISA_USAGE = YES_ERROR;
				CLANG_WARN_DOCUMENTATION_COMMENTS = YES;
				CLANG_WARN_EMPTY_BODY = YES;
				CLANG_WARN_ENUM_CONVERSION = YES;
				CLANG_WARN_INFINITE_RECURSION = YES;
				CLANG_WARN_INT_CONVERSION = YES;
				CLANG_WARN_NON_LITERAL_NULL_CONVERSION = YES;
				CLANG_WARN_OBJC_IMPLICIT_RETAIN_SELF = YES;
				CLANG_WARN_OBJC_LITERAL_CONVERSION = YES;
				CLANG_WARN_OBJC_ROOT_CLASS = YES_ERROR;
				CLANG_WARN_RANGE_LOOP_ANALYSIS = YES;
				CLANG_WARN_STRICT_PROTOTYPES = YES;
				CLANG_WARN_SUSPICIOUS_MOVE = YES;
				CLANG_WARN_UNGUARDED_AVAILABILITY = YES_AGGRESSIVE;
				CLANG_WARN_UNREACHABLE_CODE = YES;
				CLANG_WARN__DUPLICATE_METHOD_MATCH = YES;
				COPY_PHASE_STRIP = NO;
				DEBUG_INFORMATION_FORMAT = "dwarf-with-dsym";
				ENABLE_NS_ASSERTIONS = NO;
				ENABLE_STRICT_OBJC_MSGSEND = YES;
				GCC_C_LANGUAGE_STANDARD = gnu11;
				GCC_NO_COMMON_BLOCKS = YES;
				GCC_WARN_64_TO_32_BIT_CONVERSION = YES;
				GCC_WARN_ABOUT_RETURN_TYPE = YES_ERROR;
				GCC_WARN_UNDECLARED_SELECTOR = YES;
				GCC_WARN_UNINITIALIZED_AUTOS = YES_AGGRESSIVE;
				GCC_WARN_UNUSED_FUNCTION = YES;
				GCC_WARN_UNUSED_VARIABLE = YES;
				IPHONEOS_DEPLOYMENT_TARGET = 13.1;
				MTL_ENABLE_DEBUG_INFO = NO;
				MTL_FAST_MATH = YES;
				SDKROOT = iphoneos;
				SWIFT_COMPILATION_MODE = wholemodule;
				SWIFT_OPTIMIZATION_LEVEL = "-O";
				VALIDATE_PRODUCT = YES;
			};
			name = Release;
		};
		225458072383189B00A4B3E1 /* Debug */ = {
			isa = XCBuildConfiguration;
			buildSettings = {
				ASSETCATALOG_COMPILER_APPICON_NAME = AppIcon;
				CODE_SIGN_STYLE = Automatic;
				DEVELOPMENT_TEAM = J58ZDFPQ77;
				INFOPLIST_FILE = BattleShip/Info.plist;
				LD_RUNPATH_SEARCH_PATHS = (
					"$(inherited)",
					"@executable_path/Frameworks",
				);
				PRODUCT_BUNDLE_IDENTIFIER = com.example.BattleShip;
				PRODUCT_NAME = "$(TARGET_NAME)";
				SWIFT_VERSION = 5.0;
				TARGETED_DEVICE_FAMILY = "1,2";
			};
			name = Debug;
		};
		225458082383189B00A4B3E1 /* Release */ = {
			isa = XCBuildConfiguration;
			buildSettings = {
				ASSETCATALOG_COMPILER_APPICON_NAME = AppIcon;
				CODE_SIGN_STYLE = Automatic;
				DEVELOPMENT_TEAM = J58ZDFPQ77;
				INFOPLIST_FILE = BattleShip/Info.plist;
				LD_RUNPATH_SEARCH_PATHS = (
					"$(inherited)",
					"@executable_path/Frameworks",
				);
				PRODUCT_BUNDLE_IDENTIFIER = com.example.BattleShip;
				PRODUCT_NAME = "$(TARGET_NAME)";
				SWIFT_VERSION = 5.0;
				TARGETED_DEVICE_FAMILY = "1,2";
			};
			name = Release;
		};
		2254580A2383189B00A4B3E1 /* Debug */ = {
			isa = XCBuildConfiguration;
			buildSettings = {
				ALWAYS_EMBED_SWIFT_STANDARD_LIBRARIES = YES;
				BUNDLE_LOADER = "$(TEST_HOST)";
				CODE_SIGN_STYLE = Automatic;
				DEVELOPMENT_TEAM = J58ZDFPQ77;
				INFOPLIST_FILE = BattleShipTests/Info.plist;
				IPHONEOS_DEPLOYMENT_TARGET = 13.1;
				LD_RUNPATH_SEARCH_PATHS = (
					"$(inherited)",
					"@executable_path/Frameworks",
					"@loader_path/Frameworks",
				);
				PRODUCT_BUNDLE_IDENTIFIER = com.example.BattleShipTests;
				PRODUCT_NAME = "$(TARGET_NAME)";
				SWIFT_VERSION = 5.0;
				TARGETED_DEVICE_FAMILY = "1,2";
				TEST_HOST = "$(BUILT_PRODUCTS_DIR)/BattleShip.app/BattleShip";
			};
			name = Debug;
		};
		2254580B2383189B00A4B3E1 /* Release */ = {
			isa = XCBuildConfiguration;
			buildSettings = {
				ALWAYS_EMBED_SWIFT_STANDARD_LIBRARIES = YES;
				BUNDLE_LOADER = "$(TEST_HOST)";
				CODE_SIGN_STYLE = Automatic;
				DEVELOPMENT_TEAM = J58ZDFPQ77;
				INFOPLIST_FILE = BattleShipTests/Info.plist;
				IPHONEOS_DEPLOYMENT_TARGET = 13.1;
				LD_RUNPATH_SEARCH_PATHS = (
					"$(inherited)",
					"@executable_path/Frameworks",
					"@loader_path/Frameworks",
				);
				PRODUCT_BUNDLE_IDENTIFIER = com.example.BattleShipTests;
				PRODUCT_NAME = "$(TARGET_NAME)";
				SWIFT_VERSION = 5.0;
				TARGETED_DEVICE_FAMILY = "1,2";
				TEST_HOST = "$(BUILT_PRODUCTS_DIR)/BattleShip.app/BattleShip";
			};
			name = Release;
		};
		2254580D2383189B00A4B3E1 /* Debug */ = {
			isa = XCBuildConfiguration;
			buildSettings = {
				ALWAYS_EMBED_SWIFT_STANDARD_LIBRARIES = YES;
				CODE_SIGN_STYLE = Automatic;
				DEVELOPMENT_TEAM = J58ZDFPQ77;
				INFOPLIST_FILE = BattleShipUITests/Info.plist;
				LD_RUNPATH_SEARCH_PATHS = (
					"$(inherited)",
					"@executable_path/Frameworks",
					"@loader_path/Frameworks",
				);
				PRODUCT_BUNDLE_IDENTIFIER = com.example.BattleShipUITests;
				PRODUCT_NAME = "$(TARGET_NAME)";
				SWIFT_VERSION = 5.0;
				TARGETED_DEVICE_FAMILY = "1,2";
				TEST_TARGET_NAME = BattleShip;
			};
			name = Debug;
		};
		2254580E2383189B00A4B3E1 /* Release */ = {
			isa = XCBuildConfiguration;
			buildSettings = {
				ALWAYS_EMBED_SWIFT_STANDARD_LIBRARIES = YES;
				CODE_SIGN_STYLE = Automatic;
				DEVELOPMENT_TEAM = J58ZDFPQ77;
				INFOPLIST_FILE = BattleShipUITests/Info.plist;
				LD_RUNPATH_SEARCH_PATHS = (
					"$(inherited)",
					"@executable_path/Frameworks",
					"@loader_path/Frameworks",
				);
				PRODUCT_BUNDLE_IDENTIFIER = com.example.BattleShipUITests;
				PRODUCT_NAME = "$(TARGET_NAME)";
				SWIFT_VERSION = 5.0;
				TARGETED_DEVICE_FAMILY = "1,2";
				TEST_TARGET_NAME = BattleShip;
			};
			name = Release;
		};
/* End XCBuildConfiguration section */

/* Begin XCConfigurationList section */
		225457D42383189000A4B3E1 /* Build configuration list for PBXProject "BattleShip" */ = {
			isa = XCConfigurationList;
			buildConfigurations = (
				225458042383189B00A4B3E1 /* Debug */,
				225458052383189B00A4B3E1 /* Release */,
			);
			defaultConfigurationIsVisible = 0;
			defaultConfigurationName = Release;
		};
		225458062383189B00A4B3E1 /* Build configuration list for PBXNativeTarget "BattleShip" */ = {
			isa = XCConfigurationList;
			buildConfigurations = (
				225458072383189B00A4B3E1 /* Debug */,
				225458082383189B00A4B3E1 /* Release */,
			);
			defaultConfigurationIsVisible = 0;
			defaultConfigurationName = Release;
		};
		225458092383189B00A4B3E1 /* Build configuration list for PBXNativeTarget "BattleShipTests" */ = {
			isa = XCConfigurationList;
			buildConfigurations = (
				2254580A2383189B00A4B3E1 /* Debug */,
				2254580B2383189B00A4B3E1 /* Release */,
			);
			defaultConfigurationIsVisible = 0;
			defaultConfigurationName = Release;
		};
		2254580C2383189B00A4B3E1 /* Build configuration list for PBXNativeTarget "BattleShipUITests" */ = {
			isa = XCConfigurationList;
			buildConfigurations = (
				2254580D2383189B00A4B3E1 /* Debug */,
				2254580E2383189B00A4B3E1 /* Release */,
			);
			defaultConfigurationIsVisible = 0;
			defaultConfigurationName = Release;
		};
/* End XCConfigurationList section */

/* Begin XCVersionGroup section */
		225457E52383189000A4B3E1 /* BattleShip.xcdatamodeld */ = {
			isa = XCVersionGroup;
			children = (
				225457E62383189000A4B3E1 /* BattleShip.xcdatamodel */,
			);
			currentVersion = 225457E62383189000A4B3E1 /* BattleShip.xcdatamodel */;
			path = BattleShip.xcdatamodeld;
			sourceTree = "<group>";
			versionGroupType = wrapper.xcdatamodel;
		};
/* End XCVersionGroup section */
	};
	rootObject = 225457D12383189000A4B3E1 /* Project object */;
}
